// !$*UTF8*$!
{
	archiveVersion = 1;
	classes = {
	};
	objectVersion = 51;
	objects = {

/* Begin PBXBuildFile section */
		426F539926215B99001892A6 /* Assets.xcassets in Resources */ = {isa = PBXBuildFile; fileRef = 426F539826215B99001892A6 /* Assets.xcassets */; };
		426F539A26215B99001892A6 /* Assets.xcassets in Resources */ = {isa = PBXBuildFile; fileRef = 426F539826215B99001892A6 /* Assets.xcassets */; };
		426F539B26215B99001892A6 /* Assets.xcassets in Resources */ = {isa = PBXBuildFile; fileRef = 426F539826215B99001892A6 /* Assets.xcassets */; };
		42BD16622620EED500CF1EE3 /* AppDelegate.swift in Sources */ = {isa = PBXBuildFile; fileRef = 42BD16612620EED500CF1EE3 /* AppDelegate.swift */; };
		42BD16642620EED500CF1EE3 /* SceneDelegate.swift in Sources */ = {isa = PBXBuildFile; fileRef = 42BD16632620EED500CF1EE3 /* SceneDelegate.swift */; };
		42BD166B2620EED600CF1EE3 /* Preview Assets.xcassets in Resources */ = {isa = PBXBuildFile; fileRef = 42BD166A2620EED600CF1EE3 /* Preview Assets.xcassets */; };
		42BD166E2620EED600CF1EE3 /* LaunchScreen.storyboard in Resources */ = {isa = PBXBuildFile; fileRef = 42BD166C2620EED600CF1EE3 /* LaunchScreen.storyboard */; };
		42BD16792620EED600CF1EE3 /* FitFriendsTests.swift in Sources */ = {isa = PBXBuildFile; fileRef = 42BD16782620EED600CF1EE3 /* FitFriendsTests.swift */; };
		42BD16842620EED700CF1EE3 /* FitFriendsUITests.swift in Sources */ = {isa = PBXBuildFile; fileRef = 42BD16832620EED700CF1EE3 /* FitFriendsUITests.swift */; };
		42C6C9872620EF9700C0E796 /* RegistrationPage.swift in Sources */ = {isa = PBXBuildFile; fileRef = 42C6C9812620EF9700C0E796 /* RegistrationPage.swift */; };
		42C6C9882620EF9700C0E796 /* RegistrationPage.swift in Sources */ = {isa = PBXBuildFile; fileRef = 42C6C9812620EF9700C0E796 /* RegistrationPage.swift */; };
		42C6C9892620EF9700C0E796 /* RegistrationPage.swift in Sources */ = {isa = PBXBuildFile; fileRef = 42C6C9812620EF9700C0E796 /* RegistrationPage.swift */; };
		42C6C98A2620EF9700C0E796 /* Mainpage.swift in Sources */ = {isa = PBXBuildFile; fileRef = 42C6C9822620EF9700C0E796 /* Mainpage.swift */; };
		42C6C98B2620EF9700C0E796 /* Mainpage.swift in Sources */ = {isa = PBXBuildFile; fileRef = 42C6C9822620EF9700C0E796 /* Mainpage.swift */; };
		42C6C98C2620EF9700C0E796 /* Mainpage.swift in Sources */ = {isa = PBXBuildFile; fileRef = 42C6C9822620EF9700C0E796 /* Mainpage.swift */; };
		42C6C98D2620EF9700C0E796 /* UserPageView.swift in Sources */ = {isa = PBXBuildFile; fileRef = 42C6C9832620EF9700C0E796 /* UserPageView.swift */; };
		42C6C98E2620EF9700C0E796 /* UserPageView.swift in Sources */ = {isa = PBXBuildFile; fileRef = 42C6C9832620EF9700C0E796 /* UserPageView.swift */; };
		42C6C98F2620EF9700C0E796 /* UserPageView.swift in Sources */ = {isa = PBXBuildFile; fileRef = 42C6C9832620EF9700C0E796 /* UserPageView.swift */; };
		745991A8418AACADB890DBB2 /* Pods_FitFriendsTests.framework in Frameworks */ = {isa = PBXBuildFile; fileRef = 9F33C9B66E2307A6931820BC /* Pods_FitFriendsTests.framework */; };
		A46A8C897F81C6D7E10AAD78 /* Pods_FitFriends.framework in Frameworks */ = {isa = PBXBuildFile; fileRef = 1C728AA95701BC6FF328C0BC /* Pods_FitFriends.framework */; };
		B0F6139F11F1B09C0F7373E1 /* Pods_FitFriends_FitFriendsUITests.framework in Frameworks */ = {isa = PBXBuildFile; fileRef = F4A428CBDA09B9E9EB8EE143 /* Pods_FitFriends_FitFriendsUITests.framework */; };
/* End PBXBuildFile section */

/* Begin PBXContainerItemProxy section */
		42BD16752620EED600CF1EE3 /* PBXContainerItemProxy */ = {
			isa = PBXContainerItemProxy;
			containerPortal = 42BD16562620EED500CF1EE3 /* Project object */;
			proxyType = 1;
			remoteGlobalIDString = 42BD165D2620EED500CF1EE3;
			remoteInfo = FitFriends;
		};
		42BD16802620EED600CF1EE3 /* PBXContainerItemProxy */ = {
			isa = PBXContainerItemProxy;
			containerPortal = 42BD16562620EED500CF1EE3 /* Project object */;
			proxyType = 1;
			remoteGlobalIDString = 42BD165D2620EED500CF1EE3;
			remoteInfo = FitFriends;
		};
/* End PBXContainerItemProxy section */

/* Begin PBXFileReference section */
		1C728AA95701BC6FF328C0BC /* Pods_FitFriends.framework */ = {isa = PBXFileReference; explicitFileType = wrapper.framework; includeInIndex = 0; path = Pods_FitFriends.framework; sourceTree = BUILT_PRODUCTS_DIR; };
		32B9A884FB4484DED1026B3E /* Pods-FitFriendsTests.release.xcconfig */ = {isa = PBXFileReference; includeInIndex = 1; lastKnownFileType = text.xcconfig; name = "Pods-FitFriendsTests.release.xcconfig"; path = "Target Support Files/Pods-FitFriendsTests/Pods-FitFriendsTests.release.xcconfig"; sourceTree = "<group>"; };
		34D2EE52D3A5AFBF6777EAB7 /* Pods-FitFriends.release.xcconfig */ = {isa = PBXFileReference; includeInIndex = 1; lastKnownFileType = text.xcconfig; name = "Pods-FitFriends.release.xcconfig"; path = "Target Support Files/Pods-FitFriends/Pods-FitFriends.release.xcconfig"; sourceTree = "<group>"; };
		426F539826215B99001892A6 /* Assets.xcassets */ = {isa = PBXFileReference; lastKnownFileType = folder.assetcatalog; name = Assets.xcassets; path = ../../../Desktop/Fit_Friends3/Assets.xcassets; sourceTree = "<group>"; };
		42BD165E2620EED500CF1EE3 /* FitFriends.app */ = {isa = PBXFileReference; explicitFileType = wrapper.application; includeInIndex = 0; path = FitFriends.app; sourceTree = BUILT_PRODUCTS_DIR; };
		42BD16612620EED500CF1EE3 /* AppDelegate.swift */ = {isa = PBXFileReference; lastKnownFileType = sourcecode.swift; path = AppDelegate.swift; sourceTree = "<group>"; };
		42BD16632620EED500CF1EE3 /* SceneDelegate.swift */ = {isa = PBXFileReference; lastKnownFileType = sourcecode.swift; path = SceneDelegate.swift; sourceTree = "<group>"; };
		42BD166A2620EED600CF1EE3 /* Preview Assets.xcassets */ = {isa = PBXFileReference; lastKnownFileType = folder.assetcatalog; path = "Preview Assets.xcassets"; sourceTree = "<group>"; };
		42BD166D2620EED600CF1EE3 /* Base */ = {isa = PBXFileReference; lastKnownFileType = file.storyboard; name = Base; path = Base.lproj/LaunchScreen.storyboard; sourceTree = "<group>"; };
		42BD166F2620EED600CF1EE3 /* Info.plist */ = {isa = PBXFileReference; lastKnownFileType = text.plist.xml; path = Info.plist; sourceTree = "<group>"; };
		42BD16742620EED600CF1EE3 /* FitFriendsTests.xctest */ = {isa = PBXFileReference; explicitFileType = wrapper.cfbundle; includeInIndex = 0; path = FitFriendsTests.xctest; sourceTree = BUILT_PRODUCTS_DIR; };
		42BD16782620EED600CF1EE3 /* FitFriendsTests.swift */ = {isa = PBXFileReference; lastKnownFileType = sourcecode.swift; path = FitFriendsTests.swift; sourceTree = "<group>"; };
		42BD167A2620EED600CF1EE3 /* Info.plist */ = {isa = PBXFileReference; lastKnownFileType = text.plist.xml; path = Info.plist; sourceTree = "<group>"; };
		42BD167F2620EED600CF1EE3 /* FitFriendsUITests.xctest */ = {isa = PBXFileReference; explicitFileType = wrapper.cfbundle; includeInIndex = 0; path = FitFriendsUITests.xctest; sourceTree = BUILT_PRODUCTS_DIR; };
		42BD16832620EED700CF1EE3 /* FitFriendsUITests.swift */ = {isa = PBXFileReference; lastKnownFileType = sourcecode.swift; path = FitFriendsUITests.swift; sourceTree = "<group>"; };
		42BD16852620EED700CF1EE3 /* Info.plist */ = {isa = PBXFileReference; lastKnownFileType = text.plist.xml; path = Info.plist; sourceTree = "<group>"; };
		42C6C9812620EF9700C0E796 /* RegistrationPage.swift */ = {isa = PBXFileReference; fileEncoding = 4; lastKnownFileType = sourcecode.swift; name = RegistrationPage.swift; path = "../../fit-friends/FitFriends/RegistrationPage.swift"; sourceTree = "<group>"; };
		42C6C9822620EF9700C0E796 /* Mainpage.swift */ = {isa = PBXFileReference; fileEncoding = 4; lastKnownFileType = sourcecode.swift; name = Mainpage.swift; path = "../../fit-friends/FitFriends/Mainpage.swift"; sourceTree = "<group>"; };
		42C6C9832620EF9700C0E796 /* UserPageView.swift */ = {isa = PBXFileReference; fileEncoding = 4; lastKnownFileType = sourcecode.swift; name = UserPageView.swift; path = "../../fit-friends/FitFriends/UserPageView.swift"; sourceTree = "<group>"; };
		543E53E4DEF90ADB6CFB0320 /* Pods-FitFriends.debug.xcconfig */ = {isa = PBXFileReference; includeInIndex = 1; lastKnownFileType = text.xcconfig; name = "Pods-FitFriends.debug.xcconfig"; path = "Target Support Files/Pods-FitFriends/Pods-FitFriends.debug.xcconfig"; sourceTree = "<group>"; };
		5F597DAE3F6436CE9184DDCC /* Pods-FitFriends-FitFriendsUITests.debug.xcconfig */ = {isa = PBXFileReference; includeInIndex = 1; lastKnownFileType = text.xcconfig; name = "Pods-FitFriends-FitFriendsUITests.debug.xcconfig"; path = "Target Support Files/Pods-FitFriends-FitFriendsUITests/Pods-FitFriends-FitFriendsUITests.debug.xcconfig"; sourceTree = "<group>"; };
		9F33C9B66E2307A6931820BC /* Pods_FitFriendsTests.framework */ = {isa = PBXFileReference; explicitFileType = wrapper.framework; includeInIndex = 0; path = Pods_FitFriendsTests.framework; sourceTree = BUILT_PRODUCTS_DIR; };
		ABCAA6BAEA346BC95A655FF1 /* Pods-FitFriends-FitFriendsUITests.release.xcconfig */ = {isa = PBXFileReference; includeInIndex = 1; lastKnownFileType = text.xcconfig; name = "Pods-FitFriends-FitFriendsUITests.release.xcconfig"; path = "Target Support Files/Pods-FitFriends-FitFriendsUITests/Pods-FitFriends-FitFriendsUITests.release.xcconfig"; sourceTree = "<group>"; };
		CAEEA2193187C9DCA81CB08B /* Pods-FitFriendsTests.debug.xcconfig */ = {isa = PBXFileReference; includeInIndex = 1; lastKnownFileType = text.xcconfig; name = "Pods-FitFriendsTests.debug.xcconfig"; path = "Target Support Files/Pods-FitFriendsTests/Pods-FitFriendsTests.debug.xcconfig"; sourceTree = "<group>"; };
		F4A428CBDA09B9E9EB8EE143 /* Pods_FitFriends_FitFriendsUITests.framework */ = {isa = PBXFileReference; explicitFileType = wrapper.framework; includeInIndex = 0; path = Pods_FitFriends_FitFriendsUITests.framework; sourceTree = BUILT_PRODUCTS_DIR; };
/* End PBXFileReference section */

/* Begin PBXFrameworksBuildPhase section */
		42BD165B2620EED500CF1EE3 /* Frameworks */ = {
			isa = PBXFrameworksBuildPhase;
			buildActionMask = 2147483647;
			files = (
				A46A8C897F81C6D7E10AAD78 /* Pods_FitFriends.framework in Frameworks */,
			);
			runOnlyForDeploymentPostprocessing = 0;
		};
		42BD16712620EED600CF1EE3 /* Frameworks */ = {
			isa = PBXFrameworksBuildPhase;
			buildActionMask = 2147483647;
			files = (
				745991A8418AACADB890DBB2 /* Pods_FitFriendsTests.framework in Frameworks */,
			);
			runOnlyForDeploymentPostprocessing = 0;
		};
		42BD167C2620EED600CF1EE3 /* Frameworks */ = {
			isa = PBXFrameworksBuildPhase;
			buildActionMask = 2147483647;
			files = (
				B0F6139F11F1B09C0F7373E1 /* Pods_FitFriends_FitFriendsUITests.framework in Frameworks */,
			);
			runOnlyForDeploymentPostprocessing = 0;
		};
/* End PBXFrameworksBuildPhase section */

/* Begin PBXGroup section */
		397537416E190A93F4B5464E /* Frameworks */ = {
			isa = PBXGroup;
			children = (
				1C728AA95701BC6FF328C0BC /* Pods_FitFriends.framework */,
				F4A428CBDA09B9E9EB8EE143 /* Pods_FitFriends_FitFriendsUITests.framework */,
				9F33C9B66E2307A6931820BC /* Pods_FitFriendsTests.framework */,
			);
			name = Frameworks;
			sourceTree = "<group>";
		};
		42BD16552620EED500CF1EE3 = {
			isa = PBXGroup;
			children = (
				42BD16602620EED500CF1EE3 /* FitFriends */,
				42BD16772620EED600CF1EE3 /* FitFriendsTests */,
				42BD16822620EED700CF1EE3 /* FitFriendsUITests */,
				42BD165F2620EED500CF1EE3 /* Products */,
				58F07B3B4BF988429488697C /* Pods */,
				397537416E190A93F4B5464E /* Frameworks */,
			);
			sourceTree = "<group>";
		};
		42BD165F2620EED500CF1EE3 /* Products */ = {
			isa = PBXGroup;
			children = (
				42BD165E2620EED500CF1EE3 /* FitFriends.app */,
				42BD16742620EED600CF1EE3 /* FitFriendsTests.xctest */,
				42BD167F2620EED600CF1EE3 /* FitFriendsUITests.xctest */,
			);
			name = Products;
			sourceTree = "<group>";
		};
		42BD16602620EED500CF1EE3 /* FitFriends */ = {
			isa = PBXGroup;
			children = (
				42C6C9822620EF9700C0E796 /* Mainpage.swift */,
				42C6C9812620EF9700C0E796 /* RegistrationPage.swift */,
				42C6C9832620EF9700C0E796 /* UserPageView.swift */,
				42BD16612620EED500CF1EE3 /* AppDelegate.swift */,
				426F539826215B99001892A6 /* Assets.xcassets */,
				42BD16632620EED500CF1EE3 /* SceneDelegate.swift */,
				42BD166C2620EED600CF1EE3 /* LaunchScreen.storyboard */,
				42BD166F2620EED600CF1EE3 /* Info.plist */,
				42BD16692620EED600CF1EE3 /* Preview Content */,
			);
			path = FitFriends;
			sourceTree = "<group>";
		};
		42BD16692620EED600CF1EE3 /* Preview Content */ = {
			isa = PBXGroup;
			children = (
				42BD166A2620EED600CF1EE3 /* Preview Assets.xcassets */,
			);
			path = "Preview Content";
			sourceTree = "<group>";
		};
		42BD16772620EED600CF1EE3 /* FitFriendsTests */ = {
			isa = PBXGroup;
			children = (
				42BD16782620EED600CF1EE3 /* FitFriendsTests.swift */,
				42BD167A2620EED600CF1EE3 /* Info.plist */,
			);
			path = FitFriendsTests;
			sourceTree = "<group>";
		};
		42BD16822620EED700CF1EE3 /* FitFriendsUITests */ = {
			isa = PBXGroup;
			children = (
				42BD16832620EED700CF1EE3 /* FitFriendsUITests.swift */,
				42BD16852620EED700CF1EE3 /* Info.plist */,
			);
			path = FitFriendsUITests;
			sourceTree = "<group>";
		};
		58F07B3B4BF988429488697C /* Pods */ = {
			isa = PBXGroup;
			children = (
				543E53E4DEF90ADB6CFB0320 /* Pods-FitFriends.debug.xcconfig */,
				34D2EE52D3A5AFBF6777EAB7 /* Pods-FitFriends.release.xcconfig */,
				5F597DAE3F6436CE9184DDCC /* Pods-FitFriends-FitFriendsUITests.debug.xcconfig */,
				ABCAA6BAEA346BC95A655FF1 /* Pods-FitFriends-FitFriendsUITests.release.xcconfig */,
				CAEEA2193187C9DCA81CB08B /* Pods-FitFriendsTests.debug.xcconfig */,
				32B9A884FB4484DED1026B3E /* Pods-FitFriendsTests.release.xcconfig */,
			);
			path = Pods;
			sourceTree = "<group>";
		};
/* End PBXGroup section */

/* Begin PBXNativeTarget section */
		42BD165D2620EED500CF1EE3 /* FitFriends */ = {
			isa = PBXNativeTarget;
			buildConfigurationList = 42BD16882620EED700CF1EE3 /* Build configuration list for PBXNativeTarget "FitFriends" */;
			buildPhases = (
				1571F03BC73953FE03CBBCB3 /* [CP] Check Pods Manifest.lock */,
				42BD165A2620EED500CF1EE3 /* Sources */,
				42BD165B2620EED500CF1EE3 /* Frameworks */,
				42BD165C2620EED500CF1EE3 /* Resources */,
				DEAB5A69B8123FF1F6B40216 /* [CP] Embed Pods Frameworks */,
			);
			buildRules = (
			);
			dependencies = (
			);
			name = FitFriends;
			productName = FitFriends;
			productReference = 42BD165E2620EED500CF1EE3 /* FitFriends.app */;
			productType = "com.apple.product-type.application";
		};
		42BD16732620EED600CF1EE3 /* FitFriendsTests */ = {
			isa = PBXNativeTarget;
			buildConfigurationList = 42BD168B2620EED700CF1EE3 /* Build configuration list for PBXNativeTarget "FitFriendsTests" */;
			buildPhases = (
				AF2AD291F6DF41AC046F195D /* [CP] Check Pods Manifest.lock */,
				42BD16702620EED600CF1EE3 /* Sources */,
				42BD16712620EED600CF1EE3 /* Frameworks */,
				42BD16722620EED600CF1EE3 /* Resources */,
			);
			buildRules = (
			);
			dependencies = (
				42BD16762620EED600CF1EE3 /* PBXTargetDependency */,
			);
			name = FitFriendsTests;
			productName = FitFriendsTests;
			productReference = 42BD16742620EED600CF1EE3 /* FitFriendsTests.xctest */;
			productType = "com.apple.product-type.bundle.unit-test";
		};
		42BD167E2620EED600CF1EE3 /* FitFriendsUITests */ = {
			isa = PBXNativeTarget;
			buildConfigurationList = 42BD168E2620EED700CF1EE3 /* Build configuration list for PBXNativeTarget "FitFriendsUITests" */;
			buildPhases = (
				34229D91E7043AF220DC57D9 /* [CP] Check Pods Manifest.lock */,
				42BD167B2620EED600CF1EE3 /* Sources */,
				42BD167C2620EED600CF1EE3 /* Frameworks */,
				42BD167D2620EED600CF1EE3 /* Resources */,
				B6C3BCA4826E1EF5302856FA /* [CP] Embed Pods Frameworks */,
			);
			buildRules = (
			);
			dependencies = (
				42BD16812620EED600CF1EE3 /* PBXTargetDependency */,
			);
			name = FitFriendsUITests;
			productName = FitFriendsUITests;
			productReference = 42BD167F2620EED600CF1EE3 /* FitFriendsUITests.xctest */;
			productType = "com.apple.product-type.bundle.ui-testing";
		};
/* End PBXNativeTarget section */

/* Begin PBXProject section */
		42BD16562620EED500CF1EE3 /* Project object */ = {
			isa = PBXProject;
			attributes = {
				LastSwiftUpdateCheck = 1240;
				LastUpgradeCheck = 1240;
				TargetAttributes = {
					42BD165D2620EED500CF1EE3 = {
						CreatedOnToolsVersion = 12.4;
					};
					42BD16732620EED600CF1EE3 = {
						CreatedOnToolsVersion = 12.4;
						TestTargetID = 42BD165D2620EED500CF1EE3;
					};
					42BD167E2620EED600CF1EE3 = {
						CreatedOnToolsVersion = 12.4;
						TestTargetID = 42BD165D2620EED500CF1EE3;
					};
				};
			};
			buildConfigurationList = 42BD16592620EED500CF1EE3 /* Build configuration list for PBXProject "FitFriends" */;
			compatibilityVersion = "Xcode 9.3";
			developmentRegion = en;
			hasScannedForEncodings = 0;
			knownRegions = (
				en,
				Base,
			);
			mainGroup = 42BD16552620EED500CF1EE3;
			productRefGroup = 42BD165F2620EED500CF1EE3 /* Products */;
			projectDirPath = "";
			projectRoot = "";
			targets = (
				42BD165D2620EED500CF1EE3 /* FitFriends */,
				42BD16732620EED600CF1EE3 /* FitFriendsTests */,
				42BD167E2620EED600CF1EE3 /* FitFriendsUITests */,
			);
		};
/* End PBXProject section */

/* Begin PBXResourcesBuildPhase section */
		42BD165C2620EED500CF1EE3 /* Resources */ = {
			isa = PBXResourcesBuildPhase;
			buildActionMask = 2147483647;
			files = (
				42BD166E2620EED600CF1EE3 /* LaunchScreen.storyboard in Resources */,
				426F539926215B99001892A6 /* Assets.xcassets in Resources */,
				42BD166B2620EED600CF1EE3 /* Preview Assets.xcassets in Resources */,
			);
			runOnlyForDeploymentPostprocessing = 0;
		};
		42BD16722620EED600CF1EE3 /* Resources */ = {
			isa = PBXResourcesBuildPhase;
			buildActionMask = 2147483647;
			files = (
				426F539A26215B99001892A6 /* Assets.xcassets in Resources */,
			);
			runOnlyForDeploymentPostprocessing = 0;
		};
		42BD167D2620EED600CF1EE3 /* Resources */ = {
			isa = PBXResourcesBuildPhase;
			buildActionMask = 2147483647;
			files = (
				426F539B26215B99001892A6 /* Assets.xcassets in Resources */,
			);
			runOnlyForDeploymentPostprocessing = 0;
		};
/* End PBXResourcesBuildPhase section */

/* Begin PBXShellScriptBuildPhase section */
		1571F03BC73953FE03CBBCB3 /* [CP] Check Pods Manifest.lock */ = {
			isa = PBXShellScriptBuildPhase;
			buildActionMask = 2147483647;
			files = (
			);
			inputFileListPaths = (
			);
			inputPaths = (
				"${PODS_PODFILE_DIR_PATH}/Podfile.lock",
				"${PODS_ROOT}/Manifest.lock",
			);
			name = "[CP] Check Pods Manifest.lock";
			outputFileListPaths = (
			);
			outputPaths = (
				"$(DERIVED_FILE_DIR)/Pods-FitFriends-checkManifestLockResult.txt",
			);
			runOnlyForDeploymentPostprocessing = 0;
			shellPath = /bin/sh;
			shellScript = "diff \"${PODS_PODFILE_DIR_PATH}/Podfile.lock\" \"${PODS_ROOT}/Manifest.lock\" > /dev/null\nif [ $? != 0 ] ; then\n    # print error to STDERR\n    echo \"error: The sandbox is not in sync with the Podfile.lock. Run 'pod install' or update your CocoaPods installation.\" >&2\n    exit 1\nfi\n# This output is used by Xcode 'outputs' to avoid re-running this script phase.\necho \"SUCCESS\" > \"${SCRIPT_OUTPUT_FILE_0}\"\n";
			showEnvVarsInLog = 0;
		};
		34229D91E7043AF220DC57D9 /* [CP] Check Pods Manifest.lock */ = {
			isa = PBXShellScriptBuildPhase;
			buildActionMask = 2147483647;
			files = (
			);
			inputFileListPaths = (
			);
			inputPaths = (
				"${PODS_PODFILE_DIR_PATH}/Podfile.lock",
				"${PODS_ROOT}/Manifest.lock",
			);
			name = "[CP] Check Pods Manifest.lock";
			outputFileListPaths = (
			);
			outputPaths = (
				"$(DERIVED_FILE_DIR)/Pods-FitFriends-FitFriendsUITests-checkManifestLockResult.txt",
			);
			runOnlyForDeploymentPostprocessing = 0;
			shellPath = /bin/sh;
			shellScript = "diff \"${PODS_PODFILE_DIR_PATH}/Podfile.lock\" \"${PODS_ROOT}/Manifest.lock\" > /dev/null\nif [ $? != 0 ] ; then\n    # print error to STDERR\n    echo \"error: The sandbox is not in sync with the Podfile.lock. Run 'pod install' or update your CocoaPods installation.\" >&2\n    exit 1\nfi\n# This output is used by Xcode 'outputs' to avoid re-running this script phase.\necho \"SUCCESS\" > \"${SCRIPT_OUTPUT_FILE_0}\"\n";
			showEnvVarsInLog = 0;
		};
		AF2AD291F6DF41AC046F195D /* [CP] Check Pods Manifest.lock */ = {
			isa = PBXShellScriptBuildPhase;
			buildActionMask = 2147483647;
			files = (
			);
			inputFileListPaths = (
			);
			inputPaths = (
				"${PODS_PODFILE_DIR_PATH}/Podfile.lock",
				"${PODS_ROOT}/Manifest.lock",
			);
			name = "[CP] Check Pods Manifest.lock";
			outputFileListPaths = (
			);
			outputPaths = (
				"$(DERIVED_FILE_DIR)/Pods-FitFriendsTests-checkManifestLockResult.txt",
			);
			runOnlyForDeploymentPostprocessing = 0;
			shellPath = /bin/sh;
			shellScript = "diff \"${PODS_PODFILE_DIR_PATH}/Podfile.lock\" \"${PODS_ROOT}/Manifest.lock\" > /dev/null\nif [ $? != 0 ] ; then\n    # print error to STDERR\n    echo \"error: The sandbox is not in sync with the Podfile.lock. Run 'pod install' or update your CocoaPods installation.\" >&2\n    exit 1\nfi\n# This output is used by Xcode 'outputs' to avoid re-running this script phase.\necho \"SUCCESS\" > \"${SCRIPT_OUTPUT_FILE_0}\"\n";
			showEnvVarsInLog = 0;
		};
		B6C3BCA4826E1EF5302856FA /* [CP] Embed Pods Frameworks */ = {
			isa = PBXShellScriptBuildPhase;
			buildActionMask = 2147483647;
			files = (
			);
			inputFileListPaths = (
				"${PODS_ROOT}/Target Support Files/Pods-FitFriends-FitFriendsUITests/Pods-FitFriends-FitFriendsUITests-frameworks-${CONFIGURATION}-input-files.xcfilelist",
			);
			name = "[CP] Embed Pods Frameworks";
			outputFileListPaths = (
				"${PODS_ROOT}/Target Support Files/Pods-FitFriends-FitFriendsUITests/Pods-FitFriends-FitFriendsUITests-frameworks-${CONFIGURATION}-output-files.xcfilelist",
			);
			runOnlyForDeploymentPostprocessing = 0;
			shellPath = /bin/sh;
			shellScript = "\"${PODS_ROOT}/Target Support Files/Pods-FitFriends-FitFriendsUITests/Pods-FitFriends-FitFriendsUITests-frameworks.sh\"\n";
			showEnvVarsInLog = 0;
		};
		DEAB5A69B8123FF1F6B40216 /* [CP] Embed Pods Frameworks */ = {
			isa = PBXShellScriptBuildPhase;
			buildActionMask = 2147483647;
			files = (
			);
			inputFileListPaths = (
				"${PODS_ROOT}/Target Support Files/Pods-FitFriends/Pods-FitFriends-frameworks-${CONFIGURATION}-input-files.xcfilelist",
			);
			name = "[CP] Embed Pods Frameworks";
			outputFileListPaths = (
				"${PODS_ROOT}/Target Support Files/Pods-FitFriends/Pods-FitFriends-frameworks-${CONFIGURATION}-output-files.xcfilelist",
			);
			runOnlyForDeploymentPostprocessing = 0;
			shellPath = /bin/sh;
			shellScript = "\"${PODS_ROOT}/Target Support Files/Pods-FitFriends/Pods-FitFriends-frameworks.sh\"\n";
			showEnvVarsInLog = 0;
		};
/* End PBXShellScriptBuildPhase section */

/* Begin PBXSourcesBuildPhase section */
		42BD165A2620EED500CF1EE3 /* Sources */ = {
			isa = PBXSourcesBuildPhase;
			buildActionMask = 2147483647;
			files = (
				42BD16622620EED500CF1EE3 /* AppDelegate.swift in Sources */,
				42C6C9872620EF9700C0E796 /* RegistrationPage.swift in Sources */,
				42BD16642620EED500CF1EE3 /* SceneDelegate.swift in Sources */,
				42C6C98A2620EF9700C0E796 /* Mainpage.swift in Sources */,
				42C6C98D2620EF9700C0E796 /* UserPageView.swift in Sources */,
			);
			runOnlyForDeploymentPostprocessing = 0;
		};
		42BD16702620EED600CF1EE3 /* Sources */ = {
			isa = PBXSourcesBuildPhase;
			buildActionMask = 2147483647;
			files = (
				42C6C98E2620EF9700C0E796 /* UserPageView.swift in Sources */,
				42BD16792620EED600CF1EE3 /* FitFriendsTests.swift in Sources */,
				42C6C98B2620EF9700C0E796 /* Mainpage.swift in Sources */,
				42C6C9882620EF9700C0E796 /* RegistrationPage.swift in Sources */,
			);
			runOnlyForDeploymentPostprocessing = 0;
		};
		42BD167B2620EED600CF1EE3 /* Sources */ = {
			isa = PBXSourcesBuildPhase;
			buildActionMask = 2147483647;
			files = (
				42C6C98F2620EF9700C0E796 /* UserPageView.swift in Sources */,
				42BD16842620EED700CF1EE3 /* FitFriendsUITests.swift in Sources */,
				42C6C98C2620EF9700C0E796 /* Mainpage.swift in Sources */,
				42C6C9892620EF9700C0E796 /* RegistrationPage.swift in Sources */,
			);
			runOnlyForDeploymentPostprocessing = 0;
		};
/* End PBXSourcesBuildPhase section */

/* Begin PBXTargetDependency section */
		42BD16762620EED600CF1EE3 /* PBXTargetDependency */ = {
			isa = PBXTargetDependency;
			target = 42BD165D2620EED500CF1EE3 /* FitFriends */;
			targetProxy = 42BD16752620EED600CF1EE3 /* PBXContainerItemProxy */;
		};
		42BD16812620EED600CF1EE3 /* PBXTargetDependency */ = {
			isa = PBXTargetDependency;
			target = 42BD165D2620EED500CF1EE3 /* FitFriends */;
			targetProxy = 42BD16802620EED600CF1EE3 /* PBXContainerItemProxy */;
		};
/* End PBXTargetDependency section */

/* Begin PBXVariantGroup section */
		42BD166C2620EED600CF1EE3 /* LaunchScreen.storyboard */ = {
			isa = PBXVariantGroup;
			children = (
				42BD166D2620EED600CF1EE3 /* Base */,
			);
			name = LaunchScreen.storyboard;
			sourceTree = "<group>";
		};
/* End PBXVariantGroup section */

/* Begin XCBuildConfiguration section */
		42BD16862620EED700CF1EE3 /* Debug */ = {
			isa = XCBuildConfiguration;
			buildSettings = {
				ALWAYS_SEARCH_USER_PATHS = NO;
				CLANG_ANALYZER_NONNULL = YES;
				CLANG_ANALYZER_NUMBER_OBJECT_CONVERSION = YES_AGGRESSIVE;
				CLANG_CXX_LANGUAGE_STANDARD = "gnu++14";
				CLANG_CXX_LIBRARY = "libc++";
				CLANG_ENABLE_MODULES = YES;
				CLANG_ENABLE_OBJC_ARC = YES;
				CLANG_ENABLE_OBJC_WEAK = YES;
				CLANG_WARN_BLOCK_CAPTURE_AUTORELEASING = YES;
				CLANG_WARN_BOOL_CONVERSION = YES;
				CLANG_WARN_COMMA = YES;
				CLANG_WARN_CONSTANT_CONVERSION = YES;
				CLANG_WARN_DEPRECATED_OBJC_IMPLEMENTATIONS = YES;
				CLANG_WARN_DIRECT_OBJC_ISA_USAGE = YES_ERROR;
				CLANG_WARN_DOCUMENTATION_COMMENTS = YES;
				CLANG_WARN_EMPTY_BODY = YES;
				CLANG_WARN_ENUM_CONVERSION = YES;
				CLANG_WARN_INFINITE_RECURSION = YES;
				CLANG_WARN_INT_CONVERSION = YES;
				CLANG_WARN_NON_LITERAL_NULL_CONVERSION = YES;
				CLANG_WARN_OBJC_IMPLICIT_RETAIN_SELF = YES;
				CLANG_WARN_OBJC_LITERAL_CONVERSION = YES;
				CLANG_WARN_OBJC_ROOT_CLASS = YES_ERROR;
				CLANG_WARN_QUOTED_INCLUDE_IN_FRAMEWORK_HEADER = YES;
				CLANG_WARN_RANGE_LOOP_ANALYSIS = YES;
				CLANG_WARN_STRICT_PROTOTYPES = YES;
				CLANG_WARN_SUSPICIOUS_MOVE = YES;
				CLANG_WARN_UNGUARDED_AVAILABILITY = YES_AGGRESSIVE;
				CLANG_WARN_UNREACHABLE_CODE = YES;
				CLANG_WARN__DUPLICATE_METHOD_MATCH = YES;
				COPY_PHASE_STRIP = NO;
				DEBUG_INFORMATION_FORMAT = dwarf;
				ENABLE_STRICT_OBJC_MSGSEND = YES;
				ENABLE_TESTABILITY = YES;
				GCC_C_LANGUAGE_STANDARD = gnu11;
				GCC_DYNAMIC_NO_PIC = NO;
				GCC_NO_COMMON_BLOCKS = YES;
				GCC_OPTIMIZATION_LEVEL = 0;
				GCC_PREPROCESSOR_DEFINITIONS = (
					"DEBUG=1",
					"$(inherited)",
				);
				GCC_WARN_64_TO_32_BIT_CONVERSION = YES;
				GCC_WARN_ABOUT_RETURN_TYPE = YES_ERROR;
				GCC_WARN_UNDECLARED_SELECTOR = YES;
				GCC_WARN_UNINITIALIZED_AUTOS = YES_AGGRESSIVE;
				GCC_WARN_UNUSED_FUNCTION = YES;
				GCC_WARN_UNUSED_VARIABLE = YES;
				IPHONEOS_DEPLOYMENT_TARGET = 14.4;
				MTL_ENABLE_DEBUG_INFO = INCLUDE_SOURCE;
				MTL_FAST_MATH = YES;
				ONLY_ACTIVE_ARCH = YES;
				SDKROOT = iphoneos;
				SWIFT_ACTIVE_COMPILATION_CONDITIONS = DEBUG;
				SWIFT_OPTIMIZATION_LEVEL = "-Onone";
			};
			name = Debug;
		};
		42BD16872620EED700CF1EE3 /* Release */ = {
			isa = XCBuildConfiguration;
			buildSettings = {
				ALWAYS_SEARCH_USER_PATHS = NO;
				CLANG_ANALYZER_NONNULL = YES;
				CLANG_ANALYZER_NUMBER_OBJECT_CONVERSION = YES_AGGRESSIVE;
				CLANG_CXX_LANGUAGE_STANDARD = "gnu++14";
				CLANG_CXX_LIBRARY = "libc++";
				CLANG_ENABLE_MODULES = YES;
				CLANG_ENABLE_OBJC_ARC = YES;
				CLANG_ENABLE_OBJC_WEAK = YES;
				CLANG_WARN_BLOCK_CAPTURE_AUTORELEASING = YES;
				CLANG_WARN_BOOL_CONVERSION = YES;
				CLANG_WARN_COMMA = YES;
				CLANG_WARN_CONSTANT_CONVERSION = YES;
				CLANG_WARN_DEPRECATED_OBJC_IMPLEMENTATIONS = YES;
				CLANG_WARN_DIRECT_OBJC_ISA_USAGE = YES_ERROR;
				CLANG_WARN_DOCUMENTATION_COMMENTS = YES;
				CLANG_WARN_EMPTY_BODY = YES;
				CLANG_WARN_ENUM_CONVERSION = YES;
				CLANG_WARN_INFINITE_RECURSION = YES;
				CLANG_WARN_INT_CONVERSION = YES;
				CLANG_WARN_NON_LITERAL_NULL_CONVERSION = YES;
				CLANG_WARN_OBJC_IMPLICIT_RETAIN_SELF = YES;
				CLANG_WARN_OBJC_LITERAL_CONVERSION = YES;
				CLANG_WARN_OBJC_ROOT_CLASS = YES_ERROR;
				CLANG_WARN_QUOTED_INCLUDE_IN_FRAMEWORK_HEADER = YES;
				CLANG_WARN_RANGE_LOOP_ANALYSIS = YES;
				CLANG_WARN_STRICT_PROTOTYPES = YES;
				CLANG_WARN_SUSPICIOUS_MOVE = YES;
				CLANG_WARN_UNGUARDED_AVAILABILITY = YES_AGGRESSIVE;
				CLANG_WARN_UNREACHABLE_CODE = YES;
				CLANG_WARN__DUPLICATE_METHOD_MATCH = YES;
				COPY_PHASE_STRIP = NO;
				DEBUG_INFORMATION_FORMAT = "dwarf-with-dsym";
				ENABLE_NS_ASSERTIONS = NO;
				ENABLE_STRICT_OBJC_MSGSEND = YES;
				GCC_C_LANGUAGE_STANDARD = gnu11;
				GCC_NO_COMMON_BLOCKS = YES;
				GCC_WARN_64_TO_32_BIT_CONVERSION = YES;
				GCC_WARN_ABOUT_RETURN_TYPE = YES_ERROR;
				GCC_WARN_UNDECLARED_SELECTOR = YES;
				GCC_WARN_UNINITIALIZED_AUTOS = YES_AGGRESSIVE;
				GCC_WARN_UNUSED_FUNCTION = YES;
				GCC_WARN_UNUSED_VARIABLE = YES;
				IPHONEOS_DEPLOYMENT_TARGET = 14.4;
				MTL_ENABLE_DEBUG_INFO = NO;
				MTL_FAST_MATH = YES;
				SDKROOT = iphoneos;
				SWIFT_COMPILATION_MODE = wholemodule;
				SWIFT_OPTIMIZATION_LEVEL = "-O";
				VALIDATE_PRODUCT = YES;
			};
			name = Release;
		};
		42BD16892620EED700CF1EE3 /* Debug */ = {
			isa = XCBuildConfiguration;
			baseConfigurationReference = 543E53E4DEF90ADB6CFB0320 /* Pods-FitFriends.debug.xcconfig */;
			buildSettings = {
				ASSETCATALOG_COMPILER_APPICON_NAME = AppIcon;
				ASSETCATALOG_COMPILER_GLOBAL_ACCENT_COLOR_NAME = AccentColor;
				CODE_SIGN_STYLE = Automatic;
				DEVELOPMENT_ASSET_PATHS = "\"FitFriends/Preview Content\"";
				DEVELOPMENT_TEAM = 4K579LC98N;
				ENABLE_PREVIEWS = YES;
				INFOPLIST_FILE = FitFriends/Info.plist;
				LD_RUNPATH_SEARCH_PATHS = (
					"$(inherited)",
					"@executable_path/Frameworks",
				);
				PRODUCT_BUNDLE_IDENTIFIER = "Apple-inc.FitFriends";
				PRODUCT_NAME = "$(TARGET_NAME)";
				SWIFT_VERSION = 5.0;
				TARGETED_DEVICE_FAMILY = "1,2";
			};
			name = Debug;
		};
		42BD168A2620EED700CF1EE3 /* Release */ = {
			isa = XCBuildConfiguration;
			baseConfigurationReference = 34D2EE52D3A5AFBF6777EAB7 /* Pods-FitFriends.release.xcconfig */;
			buildSettings = {
				ASSETCATALOG_COMPILER_APPICON_NAME = AppIcon;
				ASSETCATALOG_COMPILER_GLOBAL_ACCENT_COLOR_NAME = AccentColor;
				CODE_SIGN_STYLE = Automatic;
				DEVELOPMENT_ASSET_PATHS = "\"FitFriends/Preview Content\"";
				DEVELOPMENT_TEAM = 4K579LC98N;
				ENABLE_PREVIEWS = YES;
				INFOPLIST_FILE = FitFriends/Info.plist;
				LD_RUNPATH_SEARCH_PATHS = (
					"$(inherited)",
					"@executable_path/Frameworks",
				);
				PRODUCT_BUNDLE_IDENTIFIER = "Apple-inc.FitFriends";
				PRODUCT_NAME = "$(TARGET_NAME)";
				SWIFT_VERSION = 5.0;
				TARGETED_DEVICE_FAMILY = "1,2";
			};
			name = Release;
		};
		42BD168C2620EED700CF1EE3 /* Debug */ = {
			isa = XCBuildConfiguration;
			baseConfigurationReference = CAEEA2193187C9DCA81CB08B /* Pods-FitFriendsTests.debug.xcconfig */;
			buildSettings = {
				ALWAYS_EMBED_SWIFT_STANDARD_LIBRARIES = YES;
				BUNDLE_LOADER = "$(TEST_HOST)";
				CODE_SIGN_STYLE = Automatic;
				DEVELOPMENT_TEAM = 4K579LC98N;
				INFOPLIST_FILE = FitFriendsTests/Info.plist;
				IPHONEOS_DEPLOYMENT_TARGET = 14.4;
				LD_RUNPATH_SEARCH_PATHS = (
					"$(inherited)",
					"@executable_path/Frameworks",
					"@loader_path/Frameworks",
				);
				PRODUCT_BUNDLE_IDENTIFIER = "Apple-inc.FitFriendsTests";
				PRODUCT_NAME = "$(TARGET_NAME)";
				SWIFT_VERSION = 5.0;
				TARGETED_DEVICE_FAMILY = "1,2";
				TEST_HOST = "$(BUILT_PRODUCTS_DIR)/FitFriends.app/FitFriends";
			};
			name = Debug;
		};
		42BD168D2620EED700CF1EE3 /* Release */ = {
			isa = XCBuildConfiguration;
			baseConfigurationReference = 32B9A884FB4484DED1026B3E /* Pods-FitFriendsTests.release.xcconfig */;
			buildSettings = {
				ALWAYS_EMBED_SWIFT_STANDARD_LIBRARIES = YES;
				BUNDLE_LOADER = "$(TEST_HOST)";
				CODE_SIGN_STYLE = Automatic;
				DEVELOPMENT_TEAM = 4K579LC98N;
				INFOPLIST_FILE = FitFriendsTests/Info.plist;
				IPHONEOS_DEPLOYMENT_TARGET = 14.4;
				LD_RUNPATH_SEARCH_PATHS = (
					"$(inherited)",
					"@executable_path/Frameworks",
					"@loader_path/Frameworks",
				);
				PRODUCT_BUNDLE_IDENTIFIER = "Apple-inc.FitFriendsTests";
				PRODUCT_NAME = "$(TARGET_NAME)";
				SWIFT_VERSION = 5.0;
				TARGETED_DEVICE_FAMILY = "1,2";
				TEST_HOST = "$(BUILT_PRODUCTS_DIR)/FitFriends.app/FitFriends";
			};
			name = Release;
		};
		42BD168F2620EED700CF1EE3 /* Debug */ = {
			isa = XCBuildConfiguration;
			baseConfigurationReference = 5F597DAE3F6436CE9184DDCC /* Pods-FitFriends-FitFriendsUITests.debug.xcconfig */;
			buildSettings = {
				ALWAYS_EMBED_SWIFT_STANDARD_LIBRARIES = YES;
				CODE_SIGN_STYLE = Automatic;
				DEVELOPMENT_TEAM = 4K579LC98N;
				INFOPLIST_FILE = FitFriendsUITests/Info.plist;
				LD_RUNPATH_SEARCH_PATHS = (
					"$(inherited)",
					"@executable_path/Frameworks",
					"@loader_path/Frameworks",
				);
				PRODUCT_BUNDLE_IDENTIFIER = "Apple-inc.FitFriendsUITests";
				PRODUCT_NAME = "$(TARGET_NAME)";
				SWIFT_VERSION = 5.0;
				TARGETED_DEVICE_FAMILY = "1,2";
				TEST_TARGET_NAME = FitFriends;
			};
			name = Debug;
		};
		42BD16902620EED700CF1EE3 /* Release */ = {
			isa = XCBuildConfiguration;
			baseConfigurationReference = ABCAA6BAEA346BC95A655FF1 /* Pods-FitFriends-FitFriendsUITests.release.xcconfig */;
			buildSettings = {
				ALWAYS_EMBED_SWIFT_STANDARD_LIBRARIES = YES;
				CODE_SIGN_STYLE = Automatic;
				DEVELOPMENT_TEAM = 4K579LC98N;
				INFOPLIST_FILE = FitFriendsUITests/Info.plist;
				LD_RUNPATH_SEARCH_PATHS = (
					"$(inherited)",
					"@executable_path/Frameworks",
					"@loader_path/Frameworks",
				);
				PRODUCT_BUNDLE_IDENTIFIER = "Apple-inc.FitFriendsUITests";
				PRODUCT_NAME = "$(TARGET_NAME)";
				SWIFT_VERSION = 5.0;
				TARGETED_DEVICE_FAMILY = "1,2";
				TEST_TARGET_NAME = FitFriends;
			};
			name = Release;
		};
/* End XCBuildConfiguration section */

/* Begin XCConfigurationList section */
		42BD16592620EED500CF1EE3 /* Build configuration list for PBXProject "FitFriends" */ = {
			isa = XCConfigurationList;
			buildConfigurations = (
				42BD16862620EED700CF1EE3 /* Debug */,
				42BD16872620EED700CF1EE3 /* Release */,
			);
			defaultConfigurationIsVisible = 0;
			defaultConfigurationName = Release;
		};
		42BD16882620EED700CF1EE3 /* Build configuration list for PBXNativeTarget "FitFriends" */ = {
			isa = XCConfigurationList;
			buildConfigurations = (
				42BD16892620EED700CF1EE3 /* Debug */,
				42BD168A2620EED700CF1EE3 /* Release */,
			);
			defaultConfigurationIsVisible = 0;
			defaultConfigurationName = Release;
		};
		42BD168B2620EED700CF1EE3 /* Build configuration list for PBXNativeTarget "FitFriendsTests" */ = {
			isa = XCConfigurationList;
			buildConfigurations = (
				42BD168C2620EED700CF1EE3 /* Debug */,
				42BD168D2620EED700CF1EE3 /* Release */,
			);
			defaultConfigurationIsVisible = 0;
			defaultConfigurationName = Release;
		};
		42BD168E2620EED700CF1EE3 /* Build configuration list for PBXNativeTarget "FitFriendsUITests" */ = {
			isa = XCConfigurationList;
			buildConfigurations = (
				42BD168F2620EED700CF1EE3 /* Debug */,
				42BD16902620EED700CF1EE3 /* Release */,
			);
			defaultConfigurationIsVisible = 0;
			defaultConfigurationName = Release;
		};
/* End XCConfigurationList section */
	};
	rootObject = 42BD16562620EED500CF1EE3 /* Project object */;
}
